
Microsoft Visual Studio Solution File, Format Version 12.00
# Visual Studio Version 16
VisualStudioVersion = 16.0.28922.388
MinimumVisualStudioVersion = 10.0.40219.1
Project("{FAE04EC0-301F-11D3-BF4B-00C04F79EFBC}") = "Vectors", "Vectors\Vectors.csproj", "{FBADEE32-762C-45A1-B67C-78D5E634BE61}"
EndProject
Global
	GlobalSection(SolutionConfigurationPlatforms) = preSolution
		Debug|Any CPU = Debug|Any CPU
		Release|Any CPU = Release|Any CPU
	EndGlobalSection
	GlobalSection(ProjectConfigurationPlatforms) = postSolution
		{FBADEE32-762C-45A1-B67C-78D5E634BE61}.Debug|Any CPU.ActiveCfg = Debug|Any CPU
		{FBADEE32-762C-45A1-B67C-78D5E634BE61}.Debug|Any CPU.Build.0 = Debug|Any CPU
		{FBADEE32-762C-45A1-B67C-78D5E634BE61}.Release|Any CPU.ActiveCfg = Release|Any CPU
		{FBADEE32-762C-45A1-B67C-78D5E634BE61}.Release|Any CPU.Build.0 = Release|Any CPU
	EndGlobalSection
	GlobalSection(SolutionProperties) = preSolution
		HideSolutionNode = FALSE
	EndGlobalSection
	GlobalSection(ExtensibilityGlobals) = postSolution
		SolutionGuid = {DBC8AA84-B5B3-4C5C-9DB4-AA9493A194EC}
	EndGlobalSection
EndGlobal
